
Microsoft Visual Studio Solution File, Format Version 12.00
# Visual Studio Version 16
VisualStudioVersion = 16.0.32002.261
MinimumVisualStudioVersion = 10.0.40219.1
Project("{9A19103F-16F7-4668-BE54-9A1E7A4F7556}") = "Mission7", "Mission7.csproj", "{9E034FE8-B10B-4E64-83EC-1277C2E7ABBD}"
EndProject
Global
	GlobalSection(SolutionConfigurationPlatforms) = preSolution
		Debug|Any CPU = Debug|Any CPU
		Release|Any CPU = Release|Any CPU
	EndGlobalSection
	GlobalSection(ProjectConfigurationPlatforms) = postSolution
		{9E034FE8-B10B-4E64-83EC-1277C2E7ABBD}.Debug|Any CPU.ActiveCfg = Debug|Any CPU
		{9E034FE8-B10B-4E64-83EC-1277C2E7ABBD}.Debug|Any CPU.Build.0 = Debug|Any CPU
		{9E034FE8-B10B-4E64-83EC-1277C2E7ABBD}.Release|Any CPU.ActiveCfg = Release|Any CPU
		{9E034FE8-B10B-4E64-83EC-1277C2E7ABBD}.Release|Any CPU.Build.0 = Release|Any CPU
	EndGlobalSection
	GlobalSection(SolutionProperties) = preSolution
		HideSolutionNode = FALSE
	EndGlobalSection
	GlobalSection(ExtensibilityGlobals) = postSolution
		SolutionGuid = {BCB00268-88BD-4029-AAB4-A678072A3CF9}
	EndGlobalSection
EndGlobal
